// !$*UTF8*$!
{
	archiveVersion = 1;
	classes = {
	};
	objectVersion = 46;
	objects = {

/* Begin PBXAggregateTarget section */
		005E21B6C7604ED599139013 /* ALL_BUILD */ = {
			isa = PBXAggregateTarget;
			buildConfigurationList = 701C0B70A7E04F78935660BE /* Build configuration list for PBXAggregateTarget "ALL_BUILD" */;
			buildPhases = (
				6A4F5B412B67425894E348DC /* CMake Rules */,
			);
			dependencies = (
				8AB5789F763E449BACB2F341 /* PBXTargetDependency */,
				337A276A94DF4122812C93C0 /* PBXTargetDependency */,
			);
			name = ALL_BUILD;
			productName = ALL_BUILD;
		};
		9FEA62A1D0114FF1B4AA9AFD /* ZERO_CHECK */ = {
			isa = PBXAggregateTarget;
			buildConfigurationList = 1E511520CEE8453F87D3117B /* Build configuration list for PBXAggregateTarget "ZERO_CHECK" */;
			buildPhases = (
				77C66CC203D24B5F91A77CCE /* CMake Rules */,
			);
			dependencies = (
			);
			name = ZERO_CHECK;
			productName = ZERO_CHECK;
		};
/* End PBXAggregateTarget section */

/* Begin PBXBuildFile section */
		DBF6856873F64CB68FD80904 /* /Users/srikanthnarayanan/Documents/GitHubRepos/CarND-MPC/src/MPC.cpp */ = {isa = PBXBuildFile; fileRef = 3DF4C42551CF4664BA89888A /* /Users/srikanthnarayanan/Documents/GitHubRepos/CarND-MPC/src/MPC.cpp */; };
		E817147186D74E129B8EA1EF /* /Users/srikanthnarayanan/Documents/GitHubRepos/CarND-MPC/CMakeLists.txt */ = {isa = PBXBuildFile; fileRef = E82E1C858B0A437F94B7C18C /* /Users/srikanthnarayanan/Documents/GitHubRepos/CarND-MPC/CMakeLists.txt */; };
		E89DDE1A34984095BC032C17 /* /Users/srikanthnarayanan/Documents/GitHubRepos/CarND-MPC/src/main.cpp */ = {isa = PBXBuildFile; fileRef = 10EB58431C77454EA329A2AF /* /Users/srikanthnarayanan/Documents/GitHubRepos/CarND-MPC/src/main.cpp */; };
/* End PBXBuildFile section */

/* Begin PBXBuildStyle section */
		36958DD48841488D859AE861 /* Debug */ = {
			isa = PBXBuildStyle;
			buildSettings = {
				COPY_PHASE_STRIP = NO;
			};
			name = Debug;
		};
		56A61842F8804BD4B9BA70FC /* MinSizeRel */ = {
			isa = PBXBuildStyle;
			buildSettings = {
				COPY_PHASE_STRIP = NO;
			};
			name = MinSizeRel;
		};
		8E92443E394940128A6F8EF8 /* Release */ = {
			isa = PBXBuildStyle;
			buildSettings = {
				COPY_PHASE_STRIP = NO;
			};
			name = Release;
		};
		95828D641DBF48EE8CAA6020 /* RelWithDebInfo */ = {
			isa = PBXBuildStyle;
			buildSettings = {
				COPY_PHASE_STRIP = NO;
			};
			name = RelWithDebInfo;
		};
/* End PBXBuildStyle section */

/* Begin PBXContainerItemProxy section */
		188BF367165B4B25A4484690 /* PBXContainerItemProxy */ = {
			isa = PBXContainerItemProxy;
			containerPortal = 2059F68A76FD41B1A7854771 /* Project object */;
			proxyType = 1;
			remoteGlobalIDString = 9FEA62A1D0114FF1B4AA9AFD;
			remoteInfo = ZERO_CHECK;
		};
		E19BC745C9BD4EF9A811D57A /* PBXContainerItemProxy */ = {
			isa = PBXContainerItemProxy;
			containerPortal = 2059F68A76FD41B1A7854771 /* Project object */;
			proxyType = 1;
			remoteGlobalIDString = 8B2E3AB4E6EE4E639ADC6F15;
			remoteInfo = mpc;
		};
		FE6D7799E2A140B68252B354 /* PBXContainerItemProxy */ = {
			isa = PBXContainerItemProxy;
			containerPortal = 2059F68A76FD41B1A7854771 /* Project object */;
			proxyType = 1;
			remoteGlobalIDString = 9FEA62A1D0114FF1B4AA9AFD;
			remoteInfo = ZERO_CHECK;
		};
/* End PBXContainerItemProxy section */

/* Begin PBXFileReference section */
		10EB58431C77454EA329A2AF /* /Users/srikanthnarayanan/Documents/GitHubRepos/CarND-MPC/src/main.cpp */ = {isa = PBXFileReference; explicitFileType = sourcecode.cpp.cpp; fileEncoding = 4; name = main.cpp; path = src/main.cpp; sourceTree = SOURCE_ROOT; };
		3DF4C42551CF4664BA89888A /* /Users/srikanthnarayanan/Documents/GitHubRepos/CarND-MPC/src/MPC.cpp */ = {isa = PBXFileReference; explicitFileType = sourcecode.cpp.cpp; fileEncoding = 4; name = MPC.cpp; path = src/MPC.cpp; sourceTree = SOURCE_ROOT; };
		ACAEE8B8587A45F683687621 /* mpc */ = {isa = PBXFileReference; explicitFileType = "compiled.mach-o.executable"; path = mpc; sourceTree = BUILT_PRODUCTS_DIR; };
		AFF46935CC6849D9B542F443 /* /Users/srikanthnarayanan/Documents/GitHubRepos/CarND-MPC/CMakeLists.txt */ = {isa = PBXFileReference; explicitFileType = sourcecode.text; fileEncoding = 4; name = CMakeLists.txt; path = CMakeLists.txt; sourceTree = SOURCE_ROOT; };
		B1717BDFA98447049A1D8DCA /* /Users/srikanthnarayanan/Documents/GitHubRepos/CarND-MPC/CMakeLists.txt */ = {isa = PBXFileReference; explicitFileType = sourcecode.text; fileEncoding = 4; name = CMakeLists.txt; path = CMakeLists.txt; sourceTree = SOURCE_ROOT; };
		E82E1C858B0A437F94B7C18C /* /Users/srikanthnarayanan/Documents/GitHubRepos/CarND-MPC/CMakeLists.txt */ = {isa = PBXFileReference; explicitFileType = sourcecode.text; fileEncoding = 4; name = CMakeLists.txt; path = CMakeLists.txt; sourceTree = SOURCE_ROOT; };
/* End PBXFileReference section */

/* Begin PBXGroup section */
		32347C0575A34F55ADE693E7 /* Products */ = {
			isa = PBXGroup;
			children = (
				ACAEE8B8587A45F683687621 /* mpc */,
			);
			name = Products;
			sourceTree = "<group>";
		};
		5C20E6EDD42B43C48ECD97A7 /* mpc */ = {
			isa = PBXGroup;
			children = (
				BA17A8CC057942BF95AA4FDB /* Source Files */,
				E82E1C858B0A437F94B7C18C /* /Users/srikanthnarayanan/Documents/GitHubRepos/CarND-MPC/CMakeLists.txt */,
			);
			name = mpc;
			sourceTree = "<group>";
		};
		6652C83599BB48F5B9B1FD88 /* ALL_BUILD */ = {
			isa = PBXGroup;
			children = (
				C22CC64A8611416A9C841382 /* CMake Rules */,
				AFF46935CC6849D9B542F443 /* /Users/srikanthnarayanan/Documents/GitHubRepos/CarND-MPC/CMakeLists.txt */,
			);
			name = ALL_BUILD;
			sourceTree = "<group>";
		};
		BA17A8CC057942BF95AA4FDB /* Source Files */ = {
			isa = PBXGroup;
			children = (
				3DF4C42551CF4664BA89888A /* /Users/srikanthnarayanan/Documents/GitHubRepos/CarND-MPC/src/MPC.cpp */,
				10EB58431C77454EA329A2AF /* /Users/srikanthnarayanan/Documents/GitHubRepos/CarND-MPC/src/main.cpp */,
			);
			name = "Source Files";
			sourceTree = "<group>";
		};
		C22651692C6D44F5A133DA4A /* ZERO_CHECK */ = {
			isa = PBXGroup;
			children = (
				F9DF533CC57C4456B4A3F25C /* CMake Rules */,
				B1717BDFA98447049A1D8DCA /* /Users/srikanthnarayanan/Documents/GitHubRepos/CarND-MPC/CMakeLists.txt */,
			);
			name = ZERO_CHECK;
			sourceTree = "<group>";
		};
		C22CC64A8611416A9C841382 /* CMake Rules */ = {
			isa = PBXGroup;
			children = (
			);
			name = "CMake Rules";
			sourceTree = "<group>";
		};
		D3A93883DCCE4DD984EED3F6 = {
			isa = PBXGroup;
			children = (
				5C20E6EDD42B43C48ECD97A7 /* mpc */,
				6652C83599BB48F5B9B1FD88 /* ALL_BUILD */,
				C22651692C6D44F5A133DA4A /* ZERO_CHECK */,
				32347C0575A34F55ADE693E7 /* Products */,
			);
			sourceTree = "<group>";
		};
		F9DF533CC57C4456B4A3F25C /* CMake Rules */ = {
			isa = PBXGroup;
			children = (
			);
			name = "CMake Rules";
			sourceTree = "<group>";
		};
/* End PBXGroup section */

/* Begin PBXNativeTarget section */
		8B2E3AB4E6EE4E639ADC6F15 /* mpc */ = {
			isa = PBXNativeTarget;
			buildConfigurationList = B4202EB0E17C46D1B6BBFB07 /* Build configuration list for PBXNativeTarget "mpc" */;
			buildPhases = (
				B5D0696E8E614B7F9A4F64B2 /* Sources */,
			);
			buildRules = (
			);
			dependencies = (
				9209E615E4004C559BAD0B30 /* PBXTargetDependency */,
			);
			name = mpc;
			productName = mpc;
			productReference = ACAEE8B8587A45F683687621 /* mpc */;
			productType = "com.apple.product-type.tool";
		};
/* End PBXNativeTarget section */

/* Begin PBXProject section */
		2059F68A76FD41B1A7854771 /* Project object */ = {
			isa = PBXProject;
			attributes = {
				BuildIndependentTargetsInParallel = YES;
				LastUpgradeCheck = 0900;
			};
			buildConfigurationList = A2C40FB60FFB41C4BF8150A4 /* Build configuration list for PBXProject "MPC" */;
			buildSettings = {
			};
			buildStyles = (
				36958DD48841488D859AE861 /* Debug */,
				8E92443E394940128A6F8EF8 /* Release */,
				56A61842F8804BD4B9BA70FC /* MinSizeRel */,
				95828D641DBF48EE8CAA6020 /* RelWithDebInfo */,
			);
			compatibilityVersion = "Xcode 3.2";
			hasScannedForEncodings = 0;
			mainGroup = D3A93883DCCE4DD984EED3F6;
			projectDirPath = ../../;
			projectRoot = "";
			targets = (
				005E21B6C7604ED599139013 /* ALL_BUILD */,
				9FEA62A1D0114FF1B4AA9AFD /* ZERO_CHECK */,
				8B2E3AB4E6EE4E639ADC6F15 /* mpc */,
			);
		};
/* End PBXProject section */

/* Begin PBXShellScriptBuildPhase section */
		6A4F5B412B67425894E348DC /* CMake Rules */ = {
			isa = PBXShellScriptBuildPhase;
			buildActionMask = 2147483647;
			files = (
			);
			name = "CMake Rules";
			runOnlyForDeploymentPostprocessing = 0;
			shellPath = /bin/sh;
			shellScript = "make -C /Users/srikanthnarayanan/Documents/GitHubRepos/CarND-MPC/ide_profiles/Xcode -f /Users/srikanthnarayanan/Documents/GitHubRepos/CarND-MPC/ide_profiles/Xcode/CMakeScripts/ALL_BUILD_cmakeRulesBuildPhase.make$CONFIGURATION all";
			showEnvVarsInLog = 0;
		};
		77C66CC203D24B5F91A77CCE /* CMake Rules */ = {
			isa = PBXShellScriptBuildPhase;
			buildActionMask = 2147483647;
			files = (
			);
			name = "CMake Rules";
			runOnlyForDeploymentPostprocessing = 0;
			shellPath = /bin/sh;
			shellScript = "make -C /Users/srikanthnarayanan/Documents/GitHubRepos/CarND-MPC/ide_profiles/Xcode -f /Users/srikanthnarayanan/Documents/GitHubRepos/CarND-MPC/ide_profiles/Xcode/CMakeScripts/ZERO_CHECK_cmakeRulesBuildPhase.make$CONFIGURATION all";
			showEnvVarsInLog = 0;
		};
		ACB34E3824344124ADF4B870 = {
			isa = PBXShellScriptBuildPhase;
			buildActionMask = 2147483647;
			files = (
			);
			inputPaths = (
			);
			outputPaths = (
			);
			runOnlyForDeploymentPostprocessing = 0;
			shellPath = /bin/sh;
			shellScript = "# shell script goes here
exit 0";
			showEnvVarsInLog = 0;
		};
		BC9B61D75C184340883BC539 = {
			isa = PBXShellScriptBuildPhase;
			buildActionMask = 2147483647;
			files = (
			);
			inputPaths = (
			);
			outputPaths = (
			);
			runOnlyForDeploymentPostprocessing = 0;
			shellPath = /bin/sh;
			shellScript = "# shell script goes here
exit 0";
			showEnvVarsInLog = 0;
		};
/* End PBXShellScriptBuildPhase section */

/* Begin PBXSourcesBuildPhase section */
		B5D0696E8E614B7F9A4F64B2 /* Sources */ = {
			isa = PBXSourcesBuildPhase;
			buildActionMask = 2147483647;
			files = (
				DBF6856873F64CB68FD80904 /* /Users/srikanthnarayanan/Documents/GitHubRepos/CarND-MPC/src/MPC.cpp */,
				E89DDE1A34984095BC032C17 /* /Users/srikanthnarayanan/Documents/GitHubRepos/CarND-MPC/src/main.cpp */,
			);
			runOnlyForDeploymentPostprocessing = 0;
		};
/* End PBXSourcesBuildPhase section */

/* Begin PBXTargetDependency section */
		337A276A94DF4122812C93C0 /* PBXTargetDependency */ = {
			isa = PBXTargetDependency;
			target = 9FEA62A1D0114FF1B4AA9AFD /* ZERO_CHECK */;
			targetProxy = 188BF367165B4B25A4484690 /* PBXContainerItemProxy */;
		};
		8AB5789F763E449BACB2F341 /* PBXTargetDependency */ = {
			isa = PBXTargetDependency;
			target = 8B2E3AB4E6EE4E639ADC6F15 /* mpc */;
			targetProxy = E19BC745C9BD4EF9A811D57A /* PBXContainerItemProxy */;
		};
		9209E615E4004C559BAD0B30 /* PBXTargetDependency */ = {
			isa = PBXTargetDependency;
			target = 9FEA62A1D0114FF1B4AA9AFD /* ZERO_CHECK */;
			targetProxy = FE6D7799E2A140B68252B354 /* PBXContainerItemProxy */;
		};
/* End PBXTargetDependency section */

/* Begin XCBuildConfiguration section */
		00723081F252487CB00B8013 /* Release */ = {
			isa = XCBuildConfiguration;
			buildSettings = {
				COMBINE_HIDPI_IMAGES = YES;
				GCC_GENERATE_DEBUGGING_SYMBOLS = YES;
				GCC_INLINES_ARE_PRIVATE_EXTERN = NO;
				GCC_OPTIMIZATION_LEVEL = 0;
				GCC_PREPROCESSOR_DEFINITIONS = ("'CMAKE_INTDIR=\"$(CONFIGURATION)$(EFFECTIVE_PLATFORM_NAME)\"'");
				GCC_SYMBOLS_PRIVATE_EXTERN = NO;
				HEADER_SEARCH_PATHS = (/usr/local/include,"/Users/srikanthnarayanan/Documents/GitHubRepos/CarND-MPC/src/Eigen-3.3",/usr/local/opt/openssl/include);
				INSTALL_PATH = "";
				OTHER_LDFLAGS = " ";
				OTHER_REZFLAGS = "";
				PRODUCT_NAME = ZERO_CHECK;
				SECTORDER_FLAGS = "";
				SYMROOT = "/Users/srikanthnarayanan/Documents/GitHubRepos/CarND-MPC/ide_profiles/Xcode";
				USE_HEADERMAP = NO;
				WARNING_CFLAGS = ("-Wmost","-Wno-four-char-constants","-Wno-unknown-pragmas","$(inherited)");
			};
			name = Release;
		};
		00C7DEFC52584C67B02DA2A9 /* MinSizeRel */ = {
			isa = XCBuildConfiguration;
			buildSettings = {
				COMBINE_HIDPI_IMAGES = YES;
				GCC_GENERATE_DEBUGGING_SYMBOLS = YES;
				GCC_INLINES_ARE_PRIVATE_EXTERN = NO;
				GCC_OPTIMIZATION_LEVEL = 0;
				GCC_PREPROCESSOR_DEFINITIONS = ("'CMAKE_INTDIR=\"$(CONFIGURATION)$(EFFECTIVE_PLATFORM_NAME)\"'");
				GCC_SYMBOLS_PRIVATE_EXTERN = NO;
				HEADER_SEARCH_PATHS = (/usr/local/include,"/Users/srikanthnarayanan/Documents/GitHubRepos/CarND-MPC/src/Eigen-3.3",/usr/local/opt/openssl/include);
				INSTALL_PATH = "";
				OTHER_LDFLAGS = " ";
				OTHER_REZFLAGS = "";
				PRODUCT_NAME = ZERO_CHECK;
				SECTORDER_FLAGS = "";
				SYMROOT = "/Users/srikanthnarayanan/Documents/GitHubRepos/CarND-MPC/ide_profiles/Xcode";
				USE_HEADERMAP = NO;
				WARNING_CFLAGS = ("-Wmost","-Wno-four-char-constants","-Wno-unknown-pragmas","$(inherited)");
			};
			name = MinSizeRel;
		};
		16376DD1B7554A2B9B2A5040 /* Release */ = {
			isa = XCBuildConfiguration;
			buildSettings = {
				COMBINE_HIDPI_IMAGES = YES;
				EXECUTABLE_PREFIX = "";
				EXECUTABLE_SUFFIX = "";
				GCC_GENERATE_DEBUGGING_SYMBOLS = NO;
				GCC_INLINES_ARE_PRIVATE_EXTERN = NO;
				GCC_OPTIMIZATION_LEVEL = 3;
				GCC_PREPROCESSOR_DEFINITIONS = ("'CMAKE_INTDIR=\"$(CONFIGURATION)$(EFFECTIVE_PLATFORM_NAME)\"'");
				GCC_SYMBOLS_PRIVATE_EXTERN = NO;
				HEADER_SEARCH_PATHS = (/usr/local/include,"/Users/srikanthnarayanan/Documents/GitHubRepos/CarND-MPC/src/Eigen-3.3",/usr/local/opt/openssl/include);
				INSTALL_PATH = "";
				LD_RUNPATH_SEARCH_PATHS = "/usr/local/lib /usr/local/opt/openssl/lib /usr/local/Cellar/libuv/1.11.0/lib";
				LIBRARY_SEARCH_PATHS = " /usr/local/lib/$(CONFIGURATION)$(EFFECTIVE_PLATFORM_NAME) /usr/local/lib /usr/local/opt/openssl/lib/$(CONFIGURATION)$(EFFECTIVE_PLATFORM_NAME) /usr/local/opt/openssl/lib /usr/local/Cellar/libuv/1.11.0/lib/$(CONFIGURATION)$(EFFECTIVE_PLATFORM_NAME) /usr/local/Cellar/libuv/1.11.0/lib";
				OTHER_CPLUSPLUSFLAGS = "-Wall     -DNDEBUG   -std=c++11 -O3";
				OTHER_LDFLAGS = " -Wl,-search_paths_first -Wl,-headerpad_max_install_names  -lipopt -lz -lssl -luv -luWS";
				OTHER_REZFLAGS = "";
				PRODUCT_NAME = mpc;
				SECTORDER_FLAGS = "";
				SYMROOT = "/Users/srikanthnarayanan/Documents/GitHubRepos/CarND-MPC/ide_profiles/Xcode";
				USE_HEADERMAP = NO;
				WARNING_CFLAGS = ("-Wmost","-Wno-four-char-constants","-Wno-unknown-pragmas","$(inherited)");
			};
			name = Release;
		};
		21DEF41B17864874AA78A4F6 /* Debug */ = {
			isa = XCBuildConfiguration;
			buildSettings = {
				COMBINE_HIDPI_IMAGES = YES;
				GCC_GENERATE_DEBUGGING_SYMBOLS = YES;
				GCC_INLINES_ARE_PRIVATE_EXTERN = NO;
				GCC_OPTIMIZATION_LEVEL = 0;
				GCC_PREPROCESSOR_DEFINITIONS = ("'CMAKE_INTDIR=\"$(CONFIGURATION)$(EFFECTIVE_PLATFORM_NAME)\"'");
				GCC_SYMBOLS_PRIVATE_EXTERN = NO;
				HEADER_SEARCH_PATHS = (/usr/local/include,"/Users/srikanthnarayanan/Documents/GitHubRepos/CarND-MPC/src/Eigen-3.3",/usr/local/opt/openssl/include);
				INSTALL_PATH = "";
				OTHER_LDFLAGS = " ";
				OTHER_REZFLAGS = "";
				PRODUCT_NAME = ZERO_CHECK;
				SECTORDER_FLAGS = "";
				SYMROOT = "/Users/srikanthnarayanan/Documents/GitHubRepos/CarND-MPC/ide_profiles/Xcode";
				USE_HEADERMAP = NO;
				WARNING_CFLAGS = ("-Wmost","-Wno-four-char-constants","-Wno-unknown-pragmas","$(inherited)");
			};
			name = Debug;
		};
		24D4DD8193114D529990248B /* Debug */ = {
			isa = XCBuildConfiguration;
			buildSettings = {
				COMBINE_HIDPI_IMAGES = YES;
				GCC_GENERATE_DEBUGGING_SYMBOLS = YES;
				GCC_INLINES_ARE_PRIVATE_EXTERN = NO;
				GCC_OPTIMIZATION_LEVEL = 0;
				GCC_PREPROCESSOR_DEFINITIONS = ("'CMAKE_INTDIR=\"$(CONFIGURATION)$(EFFECTIVE_PLATFORM_NAME)\"'");
				GCC_SYMBOLS_PRIVATE_EXTERN = NO;
				HEADER_SEARCH_PATHS = (/usr/local/include,"/Users/srikanthnarayanan/Documents/GitHubRepos/CarND-MPC/src/Eigen-3.3",/usr/local/opt/openssl/include);
				INSTALL_PATH = "";
				OTHER_LDFLAGS = " ";
				OTHER_REZFLAGS = "";
				PRODUCT_NAME = ALL_BUILD;
				SECTORDER_FLAGS = "";
				SYMROOT = "/Users/srikanthnarayanan/Documents/GitHubRepos/CarND-MPC/ide_profiles/Xcode";
				USE_HEADERMAP = NO;
				WARNING_CFLAGS = ("-Wmost","-Wno-four-char-constants","-Wno-unknown-pragmas","$(inherited)");
			};
			name = Debug;
		};
		3E304070C153496F98F3AE68 /* Release */ = {
			isa = XCBuildConfiguration;
			buildSettings = {
				COMBINE_HIDPI_IMAGES = YES;
				GCC_GENERATE_DEBUGGING_SYMBOLS = YES;
				GCC_INLINES_ARE_PRIVATE_EXTERN = NO;
				GCC_OPTIMIZATION_LEVEL = 0;
				GCC_PREPROCESSOR_DEFINITIONS = ("'CMAKE_INTDIR=\"$(CONFIGURATION)$(EFFECTIVE_PLATFORM_NAME)\"'");
				GCC_SYMBOLS_PRIVATE_EXTERN = NO;
				HEADER_SEARCH_PATHS = (/usr/local/include,"/Users/srikanthnarayanan/Documents/GitHubRepos/CarND-MPC/src/Eigen-3.3",/usr/local/opt/openssl/include);
				INSTALL_PATH = "";
				OTHER_LDFLAGS = " ";
				OTHER_REZFLAGS = "";
				PRODUCT_NAME = ALL_BUILD;
				SECTORDER_FLAGS = "";
				SYMROOT = "/Users/srikanthnarayanan/Documents/GitHubRepos/CarND-MPC/ide_profiles/Xcode";
				USE_HEADERMAP = NO;
				WARNING_CFLAGS = ("-Wmost","-Wno-four-char-constants","-Wno-unknown-pragmas","$(inherited)");
			};
			name = Release;
		};
		4221A44D49434A5DBEBE23DE /* RelWithDebInfo */ = {
			isa = XCBuildConfiguration;
			buildSettings = {
				COMBINE_HIDPI_IMAGES = YES;
				GCC_GENERATE_DEBUGGING_SYMBOLS = YES;
				GCC_INLINES_ARE_PRIVATE_EXTERN = NO;
				GCC_OPTIMIZATION_LEVEL = 0;
				GCC_PREPROCESSOR_DEFINITIONS = ("'CMAKE_INTDIR=\"$(CONFIGURATION)$(EFFECTIVE_PLATFORM_NAME)\"'");
				GCC_SYMBOLS_PRIVATE_EXTERN = NO;
				HEADER_SEARCH_PATHS = (/usr/local/include,"/Users/srikanthnarayanan/Documents/GitHubRepos/CarND-MPC/src/Eigen-3.3",/usr/local/opt/openssl/include);
				INSTALL_PATH = "";
				OTHER_LDFLAGS = " ";
				OTHER_REZFLAGS = "";
				PRODUCT_NAME = ALL_BUILD;
				SECTORDER_FLAGS = "";
				SYMROOT = "/Users/srikanthnarayanan/Documents/GitHubRepos/CarND-MPC/ide_profiles/Xcode";
				USE_HEADERMAP = NO;
				WARNING_CFLAGS = ("-Wmost","-Wno-four-char-constants","-Wno-unknown-pragmas","$(inherited)");
			};
			name = RelWithDebInfo;
		};
		63CB464107CE4FEE9113BE2C /* RelWithDebInfo */ = {
			isa = XCBuildConfiguration;
			buildSettings = {
				COMBINE_HIDPI_IMAGES = YES;
				EXECUTABLE_PREFIX = "";
				EXECUTABLE_SUFFIX = "";
				GCC_GENERATE_DEBUGGING_SYMBOLS = YES;
				GCC_INLINES_ARE_PRIVATE_EXTERN = NO;
				GCC_OPTIMIZATION_LEVEL = 2;
				GCC_PREPROCESSOR_DEFINITIONS = ("'CMAKE_INTDIR=\"$(CONFIGURATION)$(EFFECTIVE_PLATFORM_NAME)\"'");
				GCC_SYMBOLS_PRIVATE_EXTERN = NO;
				HEADER_SEARCH_PATHS = (/usr/local/include,"/Users/srikanthnarayanan/Documents/GitHubRepos/CarND-MPC/src/Eigen-3.3",/usr/local/opt/openssl/include);
				INSTALL_PATH = "";
				LD_RUNPATH_SEARCH_PATHS = "/usr/local/lib /usr/local/opt/openssl/lib /usr/local/Cellar/libuv/1.11.0/lib";
				LIBRARY_SEARCH_PATHS = " /usr/local/lib/$(CONFIGURATION)$(EFFECTIVE_PLATFORM_NAME) /usr/local/lib /usr/local/opt/openssl/lib/$(CONFIGURATION)$(EFFECTIVE_PLATFORM_NAME) /usr/local/opt/openssl/lib /usr/local/Cellar/libuv/1.11.0/lib/$(CONFIGURATION)$(EFFECTIVE_PLATFORM_NAME) /usr/local/Cellar/libuv/1.11.0/lib";
				OTHER_CPLUSPLUSFLAGS = "-Wall        -DNDEBUG   -std=c++11 -O3";
				OTHER_LDFLAGS = " -Wl,-search_paths_first -Wl,-headerpad_max_install_names  -lipopt -lz -lssl -luv -luWS";
				OTHER_REZFLAGS = "";
				PRODUCT_NAME = mpc;
				SECTORDER_FLAGS = "";
				SYMROOT = "/Users/srikanthnarayanan/Documents/GitHubRepos/CarND-MPC/ide_profiles/Xcode";
				USE_HEADERMAP = NO;
				WARNING_CFLAGS = ("-Wmost","-Wno-four-char-constants","-Wno-unknown-pragmas","$(inherited)");
			};
			name = RelWithDebInfo;
		};
		662FE2817D304F018EF730E9 /* Debug */ = {
			isa = XCBuildConfiguration;
			buildSettings = {
				COMBINE_HIDPI_IMAGES = YES;
				EXECUTABLE_PREFIX = "";
				EXECUTABLE_SUFFIX = "";
				GCC_GENERATE_DEBUGGING_SYMBOLS = YES;
				GCC_INLINES_ARE_PRIVATE_EXTERN = NO;
				GCC_OPTIMIZATION_LEVEL = 0;
				GCC_PREPROCESSOR_DEFINITIONS = ("'CMAKE_INTDIR=\"$(CONFIGURATION)$(EFFECTIVE_PLATFORM_NAME)\"'");
				GCC_SYMBOLS_PRIVATE_EXTERN = NO;
				HEADER_SEARCH_PATHS = (/usr/local/include,"/Users/srikanthnarayanan/Documents/GitHubRepos/CarND-MPC/src/Eigen-3.3",/usr/local/opt/openssl/include);
				INSTALL_PATH = "";
				LD_RUNPATH_SEARCH_PATHS = "/usr/local/lib /usr/local/opt/openssl/lib /usr/local/Cellar/libuv/1.11.0/lib";
				LIBRARY_SEARCH_PATHS = " /usr/local/lib/$(CONFIGURATION)$(EFFECTIVE_PLATFORM_NAME) /usr/local/lib /usr/local/opt/openssl/lib/$(CONFIGURATION)$(EFFECTIVE_PLATFORM_NAME) /usr/local/opt/openssl/lib /usr/local/Cellar/libuv/1.11.0/lib/$(CONFIGURATION)$(EFFECTIVE_PLATFORM_NAME) /usr/local/Cellar/libuv/1.11.0/lib";
				OTHER_CPLUSPLUSFLAGS = "-Wall      -std=c++11 -O3";
				OTHER_LDFLAGS = " -Wl,-search_paths_first -Wl,-headerpad_max_install_names  -lipopt -lz -lssl -luv -luWS";
				OTHER_REZFLAGS = "";
				PRODUCT_NAME = mpc;
				SECTORDER_FLAGS = "";
				SYMROOT = "/Users/srikanthnarayanan/Documents/GitHubRepos/CarND-MPC/ide_profiles/Xcode";
				USE_HEADERMAP = NO;
				WARNING_CFLAGS = ("-Wmost","-Wno-four-char-constants","-Wno-unknown-pragmas","$(inherited)");
			};
			name = Debug;
		};
		74922E62F9C74F5E810D9348 /* MinSizeRel */ = {
			isa = XCBuildConfiguration;
			buildSettings = {
				COMBINE_HIDPI_IMAGES = YES;
				GCC_GENERATE_DEBUGGING_SYMBOLS = YES;
				GCC_INLINES_ARE_PRIVATE_EXTERN = NO;
				GCC_OPTIMIZATION_LEVEL = 0;
				GCC_PREPROCESSOR_DEFINITIONS = ("'CMAKE_INTDIR=\"$(CONFIGURATION)$(EFFECTIVE_PLATFORM_NAME)\"'");
				GCC_SYMBOLS_PRIVATE_EXTERN = NO;
				HEADER_SEARCH_PATHS = (/usr/local/include,"/Users/srikanthnarayanan/Documents/GitHubRepos/CarND-MPC/src/Eigen-3.3",/usr/local/opt/openssl/include);
				INSTALL_PATH = "";
				OTHER_LDFLAGS = " ";
				OTHER_REZFLAGS = "";
				PRODUCT_NAME = ALL_BUILD;
				SECTORDER_FLAGS = "";
				SYMROOT = "/Users/srikanthnarayanan/Documents/GitHubRepos/CarND-MPC/ide_profiles/Xcode";
				USE_HEADERMAP = NO;
				WARNING_CFLAGS = ("-Wmost","-Wno-four-char-constants","-Wno-unknown-pragmas","$(inherited)");
			};
			name = MinSizeRel;
		};
		792C82E7AFC54D0C965CF4FB /* RelWithDebInfo */ = {
			isa = XCBuildConfiguration;
			buildSettings = {
				COMBINE_HIDPI_IMAGES = YES;
				GCC_GENERATE_DEBUGGING_SYMBOLS = YES;
				GCC_INLINES_ARE_PRIVATE_EXTERN = NO;
				GCC_OPTIMIZATION_LEVEL = 0;
				GCC_PREPROCESSOR_DEFINITIONS = ("'CMAKE_INTDIR=\"$(CONFIGURATION)$(EFFECTIVE_PLATFORM_NAME)\"'");
				GCC_SYMBOLS_PRIVATE_EXTERN = NO;
				HEADER_SEARCH_PATHS = (/usr/local/include,"/Users/srikanthnarayanan/Documents/GitHubRepos/CarND-MPC/src/Eigen-3.3",/usr/local/opt/openssl/include);
				INSTALL_PATH = "";
				OTHER_LDFLAGS = " ";
				OTHER_REZFLAGS = "";
				PRODUCT_NAME = ZERO_CHECK;
				SECTORDER_FLAGS = "";
				SYMROOT = "/Users/srikanthnarayanan/Documents/GitHubRepos/CarND-MPC/ide_profiles/Xcode";
				USE_HEADERMAP = NO;
				WARNING_CFLAGS = ("-Wmost","-Wno-four-char-constants","-Wno-unknown-pragmas","$(inherited)");
			};
			name = RelWithDebInfo;
		};
		A43CE1F6211E42DEA7599136 /* Debug */ = {
			isa = XCBuildConfiguration;
			buildSettings = {
				ONLY_ACTIVE_ARCH = YES;
				SDKROOT = /Applications/Xcode.app/Contents/Developer/Platforms/MacOSX.platform/Developer/SDKs/MacOSX10.13.sdk;
				SYMROOT = "/Users/srikanthnarayanan/Documents/GitHubRepos/CarND-MPC/ide_profiles/Xcode/build";
			};
			name = Debug;
		};
		A9667BC6FD6B465390D190DC /* MinSizeRel */ = {
			isa = XCBuildConfiguration;
			buildSettings = {
				ONLY_ACTIVE_ARCH = YES;
				SDKROOT = /Applications/Xcode.app/Contents/Developer/Platforms/MacOSX.platform/Developer/SDKs/MacOSX10.13.sdk;
				SYMROOT = "/Users/srikanthnarayanan/Documents/GitHubRepos/CarND-MPC/ide_profiles/Xcode/build";
			};
			name = MinSizeRel;
		};
		B7070092610C430DB9E241D2 /* RelWithDebInfo */ = {
			isa = XCBuildConfiguration;
			buildSettings = {
				ONLY_ACTIVE_ARCH = YES;
				SDKROOT = /Applications/Xcode.app/Contents/Developer/Platforms/MacOSX.platform/Developer/SDKs/MacOSX10.13.sdk;
				SYMROOT = "/Users/srikanthnarayanan/Documents/GitHubRepos/CarND-MPC/ide_profiles/Xcode/build";
			};
			name = RelWithDebInfo;
		};
		D0A46D95D81E4E17B6A8F80B /* MinSizeRel */ = {
			isa = XCBuildConfiguration;
			buildSettings = {
				COMBINE_HIDPI_IMAGES = YES;
				EXECUTABLE_PREFIX = "";
				EXECUTABLE_SUFFIX = "";
				GCC_GENERATE_DEBUGGING_SYMBOLS = NO;
				GCC_INLINES_ARE_PRIVATE_EXTERN = NO;
				GCC_OPTIMIZATION_LEVEL = s;
				GCC_PREPROCESSOR_DEFINITIONS = ("'CMAKE_INTDIR=\"$(CONFIGURATION)$(EFFECTIVE_PLATFORM_NAME)\"'");
				GCC_SYMBOLS_PRIVATE_EXTERN = NO;
				HEADER_SEARCH_PATHS = (/usr/local/include,"/Users/srikanthnarayanan/Documents/GitHubRepos/CarND-MPC/src/Eigen-3.3",/usr/local/opt/openssl/include);
				INSTALL_PATH = "";
				LD_RUNPATH_SEARCH_PATHS = "/usr/local/lib /usr/local/opt/openssl/lib /usr/local/Cellar/libuv/1.11.0/lib";
				LIBRARY_SEARCH_PATHS = " /usr/local/lib/$(CONFIGURATION)$(EFFECTIVE_PLATFORM_NAME) /usr/local/lib /usr/local/opt/openssl/lib/$(CONFIGURATION)$(EFFECTIVE_PLATFORM_NAME) /usr/local/opt/openssl/lib /usr/local/Cellar/libuv/1.11.0/lib/$(CONFIGURATION)$(EFFECTIVE_PLATFORM_NAME) /usr/local/Cellar/libuv/1.11.0/lib";
				OTHER_CPLUSPLUSFLAGS = "-Wall     -DNDEBUG   -std=c++11 -O3";
				OTHER_LDFLAGS = " -Wl,-search_paths_first -Wl,-headerpad_max_install_names  -lipopt -lz -lssl -luv -luWS";
				OTHER_REZFLAGS = "";
				PRODUCT_NAME = mpc;
				SECTORDER_FLAGS = "";
				SYMROOT = "/Users/srikanthnarayanan/Documents/GitHubRepos/CarND-MPC/ide_profiles/Xcode";
				USE_HEADERMAP = NO;
				WARNING_CFLAGS = ("-Wmost","-Wno-four-char-constants","-Wno-unknown-pragmas","$(inherited)");
			};
			name = MinSizeRel;
		};
		ED82A7181691404DBB516520 /* Release */ = {
			isa = XCBuildConfiguration;
			buildSettings = {
				ONLY_ACTIVE_ARCH = YES;
				SDKROOT = /Applications/Xcode.app/Contents/Developer/Platforms/MacOSX.platform/Developer/SDKs/MacOSX10.13.sdk;
				SYMROOT = "/Users/srikanthnarayanan/Documents/GitHubRepos/CarND-MPC/ide_profiles/Xcode/build";
			};
			name = Release;
		};
/* End XCBuildConfiguration section */

/* Begin XCConfigurationList section */
		1E511520CEE8453F87D3117B /* Build configuration list for PBXAggregateTarget "ZERO_CHECK" */ = {
			isa = XCConfigurationList;
			buildConfigurations = (
				21DEF41B17864874AA78A4F6 /* Debug */,
				00723081F252487CB00B8013 /* Release */,
				00C7DEFC52584C67B02DA2A9 /* MinSizeRel */,
				792C82E7AFC54D0C965CF4FB /* RelWithDebInfo */,
			);
			defaultConfigurationIsVisible = 0;
			defaultConfigurationName = Debug;
		};
		701C0B70A7E04F78935660BE /* Build configuration list for PBXAggregateTarget "ALL_BUILD" */ = {
			isa = XCConfigurationList;
			buildConfigurations = (
				24D4DD8193114D529990248B /* Debug */,
				3E304070C153496F98F3AE68 /* Release */,
				74922E62F9C74F5E810D9348 /* MinSizeRel */,
				4221A44D49434A5DBEBE23DE /* RelWithDebInfo */,
			);
			defaultConfigurationIsVisible = 0;
			defaultConfigurationName = Debug;
		};
		A2C40FB60FFB41C4BF8150A4 /* Build configuration list for PBXProject "MPC" */ = {
			isa = XCConfigurationList;
			buildConfigurations = (
				A43CE1F6211E42DEA7599136 /* Debug */,
				ED82A7181691404DBB516520 /* Release */,
				A9667BC6FD6B465390D190DC /* MinSizeRel */,
				B7070092610C430DB9E241D2 /* RelWithDebInfo */,
			);
			defaultConfigurationIsVisible = 0;
			defaultConfigurationName = Debug;
		};
		B4202EB0E17C46D1B6BBFB07 /* Build configuration list for PBXNativeTarget "mpc" */ = {
			isa = XCConfigurationList;
			buildConfigurations = (
				662FE2817D304F018EF730E9 /* Debug */,
				16376DD1B7554A2B9B2A5040 /* Release */,
				D0A46D95D81E4E17B6A8F80B /* MinSizeRel */,
				63CB464107CE4FEE9113BE2C /* RelWithDebInfo */,
			);
			defaultConfigurationIsVisible = 0;
			defaultConfigurationName = Debug;
		};
/* End XCConfigurationList section */
	};
	rootObject = 2059F68A76FD41B1A7854771 /* Project object */;
}
